
Microsoft Visual Studio Solution File, Format Version 12.00
# Visual Studio 14
VisualStudioVersion = 14.0.25420.1
MinimumVisualStudioVersion = 10.0.40219.1
Project("{FAE04EC0-301F-11D3-BF4B-00C04F79EFBC}") = "XDATA", "XDATA\XDATA.csproj", "{216511AF-3EA8-4C86-BB52-6FCB9AE9FE2B}"
EndProject
Project("{FAE04EC0-301F-11D3-BF4B-00C04F79EFBC}") = "XDATA.Data", "XDATA.Data\XDATA.Data.csproj", "{B8F23359-37A6-477D-9AB9-2FB06E751991}"
EndProject
Project("{FAE04EC0-301F-11D3-BF4B-00C04F79EFBC}") = "XDATA.Infrastructure", "XDATA.Infrastructure\XDATA.Infrastructure.csproj", "{6D9F9615-7716-4CC1-8588-47E9A3138E9D}"
EndProject
Project("{FAE04EC0-301F-11D3-BF4B-00C04F79EFBC}") = "XDATA.Services", "XDATA.Services\XDATA.Services.csproj", "{B7E98159-290D-44F3-B8F1-C4EA7EDDAF10}"
	ProjectSection(ProjectDependencies) = postProject
		{6D9F9615-7716-4CC1-8588-47E9A3138E9D} = {6D9F9615-7716-4CC1-8588-47E9A3138E9D}
		{B8F23359-37A6-477D-9AB9-2FB06E751991} = {B8F23359-37A6-477D-9AB9-2FB06E751991}
	EndProjectSection
EndProject
Global
	GlobalSection(SolutionConfigurationPlatforms) = preSolution
		Debug|Any CPU = Debug|Any CPU
		Release|Any CPU = Release|Any CPU
	EndGlobalSection
	GlobalSection(ProjectConfigurationPlatforms) = postSolution
		{216511AF-3EA8-4C86-BB52-6FCB9AE9FE2B}.Debug|Any CPU.ActiveCfg = Debug|Any CPU
		{216511AF-3EA8-4C86-BB52-6FCB9AE9FE2B}.Debug|Any CPU.Build.0 = Debug|Any CPU
		{216511AF-3EA8-4C86-BB52-6FCB9AE9FE2B}.Release|Any CPU.ActiveCfg = Release|Any CPU
		{216511AF-3EA8-4C86-BB52-6FCB9AE9FE2B}.Release|Any CPU.Build.0 = Release|Any CPU
		{B8F23359-37A6-477D-9AB9-2FB06E751991}.Debug|Any CPU.ActiveCfg = Debug|Any CPU
		{B8F23359-37A6-477D-9AB9-2FB06E751991}.Debug|Any CPU.Build.0 = Debug|Any CPU
		{B8F23359-37A6-477D-9AB9-2FB06E751991}.Release|Any CPU.ActiveCfg = Release|Any CPU
		{B8F23359-37A6-477D-9AB9-2FB06E751991}.Release|Any CPU.Build.0 = Release|Any CPU
		{6D9F9615-7716-4CC1-8588-47E9A3138E9D}.Debug|Any CPU.ActiveCfg = Debug|Any CPU
		{6D9F9615-7716-4CC1-8588-47E9A3138E9D}.Debug|Any CPU.Build.0 = Debug|Any CPU
		{6D9F9615-7716-4CC1-8588-47E9A3138E9D}.Release|Any CPU.ActiveCfg = Release|Any CPU
		{6D9F9615-7716-4CC1-8588-47E9A3138E9D}.Release|Any CPU.Build.0 = Release|Any CPU
		{B7E98159-290D-44F3-B8F1-C4EA7EDDAF10}.Debug|Any CPU.ActiveCfg = Debug|Any CPU
		{B7E98159-290D-44F3-B8F1-C4EA7EDDAF10}.Debug|Any CPU.Build.0 = Debug|Any CPU
		{B7E98159-290D-44F3-B8F1-C4EA7EDDAF10}.Release|Any CPU.ActiveCfg = Release|Any CPU
		{B7E98159-290D-44F3-B8F1-C4EA7EDDAF10}.Release|Any CPU.Build.0 = Release|Any CPU
	EndGlobalSection
	GlobalSection(SolutionProperties) = preSolution
		HideSolutionNode = FALSE
	EndGlobalSection
EndGlobal
